// !$*UTF8*$!
{
	archiveVersion = 1;
	classes = {
	};
	objectVersion = 46;
	objects = {

/* Begin PBXBuildFile section */
		2B68BCF619FBA73D00986876 /* ColorWheel.swift in Sources */ = {isa = PBXBuildFile; fileRef = 2B68BCF519FBA73D00986876 /* ColorWheel.swift */; };
		2B6D354C19F8E104005BD71D /* Fashun.m in Sources */ = {isa = PBXBuildFile; fileRef = 2B6D354B19F8E104005BD71D /* Fashun.m */; };
		2B8526DC19F8CC89008FB162 /* AppDelegate.swift in Sources */ = {isa = PBXBuildFile; fileRef = 2B8526DB19F8CC89008FB162 /* AppDelegate.swift */; };
		2B8526DE19F8CC89008FB162 /* ViewController.swift in Sources */ = {isa = PBXBuildFile; fileRef = 2B8526DD19F8CC89008FB162 /* ViewController.swift */; };
		2B8526E119F8CC89008FB162 /* Main.storyboard in Resources */ = {isa = PBXBuildFile; fileRef = 2B8526DF19F8CC89008FB162 /* Main.storyboard */; };
		2B8526E319F8CC89008FB162 /* Images.xcassets in Resources */ = {isa = PBXBuildFile; fileRef = 2B8526E219F8CC89008FB162 /* Images.xcassets */; };
		2B8526E619F8CC89008FB162 /* LaunchScreen.xib in Resources */ = {isa = PBXBuildFile; fileRef = 2B8526E419F8CC89008FB162 /* LaunchScreen.xib */; };
		2B8526F219F8CC89008FB162 /* FashunTests.swift in Sources */ = {isa = PBXBuildFile; fileRef = 2B8526F119F8CC89008FB162 /* FashunTests.swift */; };
		2BD2CAAF1A0348D000E32352 /* Cell.swift in Sources */ = {isa = PBXBuildFile; fileRef = 2BD2CAAE1A0348D000E32352 /* Cell.swift */; };
		76DB73246775A8D8B237AD3D /* libPods.a in Frameworks */ = {isa = PBXBuildFile; fileRef = 56FA4EADF6F3E5584452EEE5 /* libPods.a */; };
/* End PBXBuildFile section */

/* Begin PBXContainerItemProxy section */
		2B8526EC19F8CC89008FB162 /* PBXContainerItemProxy */ = {
			isa = PBXContainerItemProxy;
			containerPortal = 2B8526CE19F8CC89008FB162 /* Project object */;
			proxyType = 1;
			remoteGlobalIDString = 2B8526D519F8CC89008FB162;
			remoteInfo = Fashun;
		};
/* End PBXContainerItemProxy section */

/* Begin PBXFileReference section */
		2B68BCF519FBA73D00986876 /* ColorWheel.swift */ = {isa = PBXFileReference; fileEncoding = 4; lastKnownFileType = sourcecode.swift; path = ColorWheel.swift; sourceTree = "<group>"; };
		2B6D354A19F8E103005BD71D /* Fashun-Bridging-Header.h */ = {isa = PBXFileReference; lastKnownFileType = sourcecode.c.h; path = "Fashun-Bridging-Header.h"; sourceTree = "<group>"; };
		2B6D354B19F8E104005BD71D /* Fashun.m */ = {isa = PBXFileReference; fileEncoding = 4; lastKnownFileType = sourcecode.c.objc; path = Fashun.m; sourceTree = "<group>"; };
		2B6D354D19F8E1C1005BD71D /* Fashun.h */ = {isa = PBXFileReference; lastKnownFileType = sourcecode.c.h; path = Fashun.h; sourceTree = "<group>"; };
		2B8526D619F8CC89008FB162 /* Fashun.app */ = {isa = PBXFileReference; explicitFileType = wrapper.application; includeInIndex = 0; path = Fashun.app; sourceTree = BUILT_PRODUCTS_DIR; };
		2B8526DA19F8CC89008FB162 /* Info.plist */ = {isa = PBXFileReference; lastKnownFileType = text.plist.xml; path = Info.plist; sourceTree = "<group>"; };
		2B8526DB19F8CC89008FB162 /* AppDelegate.swift */ = {isa = PBXFileReference; lastKnownFileType = sourcecode.swift; path = AppDelegate.swift; sourceTree = "<group>"; };
		2B8526DD19F8CC89008FB162 /* ViewController.swift */ = {isa = PBXFileReference; lastKnownFileType = sourcecode.swift; path = ViewController.swift; sourceTree = "<group>"; };
		2B8526E019F8CC89008FB162 /* Base */ = {isa = PBXFileReference; lastKnownFileType = file.storyboard; name = Base; path = Base.lproj/Main.storyboard; sourceTree = "<group>"; };
		2B8526E219F8CC89008FB162 /* Images.xcassets */ = {isa = PBXFileReference; lastKnownFileType = folder.assetcatalog; path = Images.xcassets; sourceTree = "<group>"; };
		2B8526E519F8CC89008FB162 /* Base */ = {isa = PBXFileReference; lastKnownFileType = file.xib; name = Base; path = Base.lproj/LaunchScreen.xib; sourceTree = "<group>"; };
		2B8526EB19F8CC89008FB162 /* FashunTests.xctest */ = {isa = PBXFileReference; explicitFileType = wrapper.cfbundle; includeInIndex = 0; path = FashunTests.xctest; sourceTree = BUILT_PRODUCTS_DIR; };
		2B8526F019F8CC89008FB162 /* Info.plist */ = {isa = PBXFileReference; lastKnownFileType = text.plist.xml; path = Info.plist; sourceTree = "<group>"; };
		2B8526F119F8CC89008FB162 /* FashunTests.swift */ = {isa = PBXFileReference; lastKnownFileType = sourcecode.swift; path = FashunTests.swift; sourceTree = "<group>"; };
		2BD2CAAE1A0348D000E32352 /* Cell.swift */ = {isa = PBXFileReference; fileEncoding = 4; lastKnownFileType = sourcecode.swift; path = Cell.swift; sourceTree = "<group>"; };
		2BF6E5E119F8CEF400B2E481 /* Podfile */ = {isa = PBXFileReference; lastKnownFileType = text; path = Podfile; sourceTree = "<group>"; xcLanguageSpecificationIdentifier = xcode.lang.ruby; };
		2BF6E5E219F8CEF400B2E481 /* TemplateIcon2x.png */ = {isa = PBXFileReference; lastKnownFileType = image.png; path = TemplateIcon2x.png; sourceTree = "<group>"; };
		56FA4EADF6F3E5584452EEE5 /* libPods.a */ = {isa = PBXFileReference; explicitFileType = archive.ar; includeInIndex = 0; path = libPods.a; sourceTree = BUILT_PRODUCTS_DIR; };
		887DE0DA02E9994035CEF458 /* Pods.release.xcconfig */ = {isa = PBXFileReference; includeInIndex = 1; lastKnownFileType = text.xcconfig; name = Pods.release.xcconfig; path = "Pods/Target Support Files/Pods/Pods.release.xcconfig"; sourceTree = "<group>"; };
		FAEEFE1BBBB95A4758938F8A /* Pods.debug.xcconfig */ = {isa = PBXFileReference; includeInIndex = 1; lastKnownFileType = text.xcconfig; name = Pods.debug.xcconfig; path = "Pods/Target Support Files/Pods/Pods.debug.xcconfig"; sourceTree = "<group>"; };
/* End PBXFileReference section */

/* Begin PBXFrameworksBuildPhase section */
		2B8526D319F8CC89008FB162 /* Frameworks */ = {
			isa = PBXFrameworksBuildPhase;
			buildActionMask = 2147483647;
			files = (
				76DB73246775A8D8B237AD3D /* libPods.a in Frameworks */,
			);
			runOnlyForDeploymentPostprocessing = 0;
		};
		2B8526E819F8CC89008FB162 /* Frameworks */ = {
			isa = PBXFrameworksBuildPhase;
			buildActionMask = 2147483647;
			files = (
			);
			runOnlyForDeploymentPostprocessing = 0;
		};
/* End PBXFrameworksBuildPhase section */

/* Begin PBXGroup section */
		1B16B9777A91D6130417CC82 /* Frameworks */ = {
			isa = PBXGroup;
			children = (
				56FA4EADF6F3E5584452EEE5 /* libPods.a */,
			);
			name = Frameworks;
			sourceTree = "<group>";
		};
		2B8526CD19F8CC89008FB162 = {
			isa = PBXGroup;
			children = (
				2BF6E5E119F8CEF400B2E481 /* Podfile */,
				2BF6E5E219F8CEF400B2E481 /* TemplateIcon2x.png */,
				2B8526D819F8CC89008FB162 /* Fashun */,
				2B8526EE19F8CC89008FB162 /* FashunTests */,
				2B8526D719F8CC89008FB162 /* Products */,
				560997A9F3688E21CE611F89 /* Pods */,
				1B16B9777A91D6130417CC82 /* Frameworks */,
			);
			sourceTree = "<group>";
		};
		2B8526D719F8CC89008FB162 /* Products */ = {
			isa = PBXGroup;
			children = (
				2B8526D619F8CC89008FB162 /* Fashun.app */,
				2B8526EB19F8CC89008FB162 /* FashunTests.xctest */,
			);
			name = Products;
			sourceTree = "<group>";
		};
		2B8526D819F8CC89008FB162 /* Fashun */ = {
			isa = PBXGroup;
			children = (
				2B8526DB19F8CC89008FB162 /* AppDelegate.swift */,
				2B8526DD19F8CC89008FB162 /* ViewController.swift */,
				2BD2CAAE1A0348D000E32352 /* Cell.swift */,
				2B68BCF519FBA73D00986876 /* ColorWheel.swift */,
				2B8526DF19F8CC89008FB162 /* Main.storyboard */,
				2B8526E219F8CC89008FB162 /* Images.xcassets */,
				2B8526E419F8CC89008FB162 /* LaunchScreen.xib */,
				2B8526D919F8CC89008FB162 /* Supporting Files */,
				2B6D354B19F8E104005BD71D /* Fashun.m */,
				2B6D354D19F8E1C1005BD71D /* Fashun.h */,
				2B6D354A19F8E103005BD71D /* Fashun-Bridging-Header.h */,
			);
			path = Fashun;
			sourceTree = "<group>";
		};
		2B8526D919F8CC89008FB162 /* Supporting Files */ = {
			isa = PBXGroup;
			children = (
				2B8526DA19F8CC89008FB162 /* Info.plist */,
			);
			name = "Supporting Files";
			sourceTree = "<group>";
		};
		2B8526EE19F8CC89008FB162 /* FashunTests */ = {
			isa = PBXGroup;
			children = (
				2B8526F119F8CC89008FB162 /* FashunTests.swift */,
				2B8526EF19F8CC89008FB162 /* Supporting Files */,
			);
			path = FashunTests;
			sourceTree = "<group>";
		};
		2B8526EF19F8CC89008FB162 /* Supporting Files */ = {
			isa = PBXGroup;
			children = (
				2B8526F019F8CC89008FB162 /* Info.plist */,
			);
			name = "Supporting Files";
			sourceTree = "<group>";
		};
		560997A9F3688E21CE611F89 /* Pods */ = {
			isa = PBXGroup;
			children = (
				FAEEFE1BBBB95A4758938F8A /* Pods.debug.xcconfig */,
				887DE0DA02E9994035CEF458 /* Pods.release.xcconfig */,
			);
			name = Pods;
			sourceTree = "<group>";
		};
/* End PBXGroup section */

/* Begin PBXNativeTarget section */
		2B8526D519F8CC89008FB162 /* Fashun */ = {
			isa = PBXNativeTarget;
			buildConfigurationList = 2B8526F519F8CC89008FB162 /* Build configuration list for PBXNativeTarget "Fashun" */;
			buildPhases = (
				08F2BCDEB2D0CD73C2118E26 /* Check Pods Manifest.lock */,
				2B8526D219F8CC89008FB162 /* Sources */,
				2B8526D319F8CC89008FB162 /* Frameworks */,
				2B8526D419F8CC89008FB162 /* Resources */,
				74A6C8916D99201D6D0C9A57 /* Copy Pods Resources */,
			);
			buildRules = (
			);
			dependencies = (
			);
			name = Fashun;
			productName = Fashun;
			productReference = 2B8526D619F8CC89008FB162 /* Fashun.app */;
			productType = "com.apple.product-type.application";
		};
		2B8526EA19F8CC89008FB162 /* FashunTests */ = {
			isa = PBXNativeTarget;
			buildConfigurationList = 2B8526F819F8CC89008FB162 /* Build configuration list for PBXNativeTarget "FashunTests" */;
			buildPhases = (
				2B8526E719F8CC89008FB162 /* Sources */,
				2B8526E819F8CC89008FB162 /* Frameworks */,
				2B8526E919F8CC89008FB162 /* Resources */,
			);
			buildRules = (
			);
			dependencies = (
				2B8526ED19F8CC89008FB162 /* PBXTargetDependency */,
			);
			name = FashunTests;
			productName = FashunTests;
			productReference = 2B8526EB19F8CC89008FB162 /* FashunTests.xctest */;
			productType = "com.apple.product-type.bundle.unit-test";
		};
/* End PBXNativeTarget section */

/* Begin PBXProject section */
		2B8526CE19F8CC89008FB162 /* Project object */ = {
			isa = PBXProject;
			attributes = {
				LastUpgradeCheck = 0600;
				ORGANIZATIONNAME = "Alex Macleod";
				TargetAttributes = {
					2B8526D519F8CC89008FB162 = {
						CreatedOnToolsVersion = 6.0.1;
					};
					2B8526EA19F8CC89008FB162 = {
						CreatedOnToolsVersion = 6.0.1;
						TestTargetID = 2B8526D519F8CC89008FB162;
					};
				};
			};
			buildConfigurationList = 2B8526D119F8CC89008FB162 /* Build configuration list for PBXProject "Fashun" */;
			compatibilityVersion = "Xcode 3.2";
			developmentRegion = English;
			hasScannedForEncodings = 0;
			knownRegions = (
				en,
				Base,
			);
			mainGroup = 2B8526CD19F8CC89008FB162;
			productRefGroup = 2B8526D719F8CC89008FB162 /* Products */;
			projectDirPath = "";
			projectRoot = "";
			targets = (
				2B8526D519F8CC89008FB162 /* Fashun */,
				2B8526EA19F8CC89008FB162 /* FashunTests */,
			);
		};
/* End PBXProject section */

/* Begin PBXResourcesBuildPhase section */
		2B8526D419F8CC89008FB162 /* Resources */ = {
			isa = PBXResourcesBuildPhase;
			buildActionMask = 2147483647;
			files = (
				2B8526E119F8CC89008FB162 /* Main.storyboard in Resources */,
				2B8526E619F8CC89008FB162 /* LaunchScreen.xib in Resources */,
				2B8526E319F8CC89008FB162 /* Images.xcassets in Resources */,
			);
			runOnlyForDeploymentPostprocessing = 0;
		};
		2B8526E919F8CC89008FB162 /* Resources */ = {
			isa = PBXResourcesBuildPhase;
			buildActionMask = 2147483647;
			files = (
			);
			runOnlyForDeploymentPostprocessing = 0;
		};
/* End PBXResourcesBuildPhase section */

/* Begin PBXShellScriptBuildPhase section */
		08F2BCDEB2D0CD73C2118E26 /* Check Pods Manifest.lock */ = {
			isa = PBXShellScriptBuildPhase;
			buildActionMask = 2147483647;
			files = (
			);
			inputPaths = (
			);
			name = "Check Pods Manifest.lock";
			outputPaths = (
			);
			runOnlyForDeploymentPostprocessing = 0;
			shellPath = /bin/sh;
			shellScript = "diff \"${PODS_ROOT}/../Podfile.lock\" \"${PODS_ROOT}/Manifest.lock\" > /dev/null\nif [[ $? != 0 ]] ; then\n    cat << EOM\nerror: The sandbox is not in sync with the Podfile.lock. Run 'pod install' or update your CocoaPods installation.\nEOM\n    exit 1\nfi\n";
			showEnvVarsInLog = 0;
		};
		74A6C8916D99201D6D0C9A57 /* Copy Pods Resources */ = {
			isa = PBXShellScriptBuildPhase;
			buildActionMask = 2147483647;
			files = (
			);
			inputPaths = (
			);
			name = "Copy Pods Resources";
			outputPaths = (
			);
			runOnlyForDeploymentPostprocessing = 0;
			shellPath = /bin/sh;
			shellScript = "\"${SRCROOT}/Pods/Target Support Files/Pods/Pods-resources.sh\"\n";
			showEnvVarsInLog = 0;
		};
/* End PBXShellScriptBuildPhase section */

/* Begin PBXSourcesBuildPhase section */
		2B8526D219F8CC89008FB162 /* Sources */ = {
			isa = PBXSourcesBuildPhase;
			buildActionMask = 2147483647;
			files = (
				2B6D354C19F8E104005BD71D /* Fashun.m in Sources */,
				2B8526DE19F8CC89008FB162 /* ViewController.swift in Sources */,
				2B8526DC19F8CC89008FB162 /* AppDelegate.swift in Sources */,
				2B68BCF619FBA73D00986876 /* ColorWheel.swift in Sources */,
				2BD2CAAF1A0348D000E32352 /* Cell.swift in Sources */,
			);
			runOnlyForDeploymentPostprocessing = 0;
		};
		2B8526E719F8CC89008FB162 /* Sources */ = {
			isa = PBXSourcesBuildPhase;
			buildActionMask = 2147483647;
			files = (
				2B8526F219F8CC89008FB162 /* FashunTests.swift in Sources */,
			);
			runOnlyForDeploymentPostprocessing = 0;
		};
/* End PBXSourcesBuildPhase section */

/* Begin PBXTargetDependency section */
		2B8526ED19F8CC89008FB162 /* PBXTargetDependency */ = {
			isa = PBXTargetDependency;
			target = 2B8526D519F8CC89008FB162 /* Fashun */;
			targetProxy = 2B8526EC19F8CC89008FB162 /* PBXContainerItemProxy */;
		};
/* End PBXTargetDependency section */

/* Begin PBXVariantGroup section */
		2B8526DF19F8CC89008FB162 /* Main.storyboard */ = {
			isa = PBXVariantGroup;
			children = (
				2B8526E019F8CC89008FB162 /* Base */,
			);
			name = Main.storyboard;
			sourceTree = "<group>";
		};
		2B8526E419F8CC89008FB162 /* LaunchScreen.xib */ = {
			isa = PBXVariantGroup;
			children = (
				2B8526E519F8CC89008FB162 /* Base */,
			);
			name = LaunchScreen.xib;
			sourceTree = "<group>";
		};
/* End PBXVariantGroup section */

/* Begin XCBuildConfiguration section */
		2B8526F319F8CC89008FB162 /* Debug */ = {
			isa = XCBuildConfiguration;
			buildSettings = {
				ALWAYS_SEARCH_USER_PATHS = NO;
				CLANG_CXX_LANGUAGE_STANDARD = "gnu++0x";
				CLANG_CXX_LIBRARY = "libc++";
				CLANG_ENABLE_MODULES = YES;
				CLANG_ENABLE_OBJC_ARC = YES;
				CLANG_WARN_BOOL_CONVERSION = YES;
				CLANG_WARN_CONSTANT_CONVERSION = YES;
				CLANG_WARN_DIRECT_OBJC_ISA_USAGE = YES_ERROR;
				CLANG_WARN_EMPTY_BODY = YES;
				CLANG_WARN_ENUM_CONVERSION = YES;
				CLANG_WARN_INT_CONVERSION = YES;
				CLANG_WARN_OBJC_ROOT_CLASS = YES_ERROR;
				CLANG_WARN_UNREACHABLE_CODE = YES;
				CLANG_WARN__DUPLICATE_METHOD_MATCH = YES;
				"CODE_SIGN_IDENTITY[sdk=iphoneos*]" = "iPhone Developer";
				COPY_PHASE_STRIP = NO;
				ENABLE_STRICT_OBJC_MSGSEND = YES;
				GCC_C_LANGUAGE_STANDARD = gnu99;
				GCC_DYNAMIC_NO_PIC = NO;
				GCC_OPTIMIZATION_LEVEL = 0;
				GCC_PREPROCESSOR_DEFINITIONS = (
					"DEBUG=1",
					"$(inherited)",
				);
				GCC_SYMBOLS_PRIVATE_EXTERN = NO;
				GCC_WARN_64_TO_32_BIT_CONVERSION = YES;
				GCC_WARN_ABOUT_RETURN_TYPE = YES_ERROR;
				GCC_WARN_UNDECLARED_SELECTOR = YES;
				GCC_WARN_UNINITIALIZED_AUTOS = YES_AGGRESSIVE;
				GCC_WARN_UNUSED_FUNCTION = YES;
				GCC_WARN_UNUSED_VARIABLE = YES;
				IPHONEOS_DEPLOYMENT_TARGET = 8.0;
				MTL_ENABLE_DEBUG_INFO = YES;
				ONLY_ACTIVE_ARCH = YES;
				SDKROOT = iphoneos;
				SWIFT_OPTIMIZATION_LEVEL = "-Onone";
			};
			name = Debug;
		};
		2B8526F419F8CC89008FB162 /* Release */ = {
			isa = XCBuildConfiguration;
			buildSettings = {
				ALWAYS_SEARCH_USER_PATHS = NO;
				CLANG_CXX_LANGUAGE_STANDARD = "gnu++0x";
				CLANG_CXX_LIBRARY = "libc++";
				CLANG_ENABLE_MODULES = YES;
				CLANG_ENABLE_OBJC_ARC = YES;
				CLANG_WARN_BOOL_CONVERSION = YES;
				CLANG_WARN_CONSTANT_CONVERSION = YES;
				CLANG_WARN_DIRECT_OBJC_ISA_USAGE = YES_ERROR;
				CLANG_WARN_EMPTY_BODY = YES;
				CLANG_WARN_ENUM_CONVERSION = YES;
				CLANG_WARN_INT_CONVERSION = YES;
				CLANG_WARN_OBJC_ROOT_CLASS = YES_ERROR;
				CLANG_WARN_UNREACHABLE_CODE = YES;
				CLANG_WARN__DUPLICATE_METHOD_MATCH = YES;
				"CODE_SIGN_IDENTITY[sdk=iphoneos*]" = "iPhone Developer";
				COPY_PHASE_STRIP = YES;
				ENABLE_NS_ASSERTIONS = NO;
				ENABLE_STRICT_OBJC_MSGSEND = YES;
				GCC_C_LANGUAGE_STANDARD = gnu99;
				GCC_WARN_64_TO_32_BIT_CONVERSION = YES;
				GCC_WARN_ABOUT_RETURN_TYPE = YES_ERROR;
				GCC_WARN_UNDECLARED_SELECTOR = YES;
				GCC_WARN_UNINITIALIZED_AUTOS = YES_AGGRESSIVE;
				GCC_WARN_UNUSED_FUNCTION = YES;
				GCC_WARN_UNUSED_VARIABLE = YES;
				IPHONEOS_DEPLOYMENT_TARGET = 8.0;
				MTL_ENABLE_DEBUG_INFO = NO;
				SDKROOT = iphoneos;
				VALIDATE_PRODUCT = YES;
			};
			name = Release;
		};
		2B8526F619F8CC89008FB162 /* Debug */ = {
			isa = XCBuildConfiguration;
			baseConfigurationReference = FAEEFE1BBBB95A4758938F8A /* Pods.debug.xcconfig */;
			buildSettings = {
				ASSETCATALOG_COMPILER_APPICON_NAME = AppIcon;
				CLANG_ENABLE_MODULES = YES;
				INFOPLIST_FILE = Fashun/Info.plist;
				LD_RUNPATH_SEARCH_PATHS = "$(inherited) @executable_path/Frameworks";
				PRODUCT_NAME = "$(TARGET_NAME)";
				SWIFT_OBJC_BRIDGING_HEADER = "Fashun/Fashun-Bridging-Header.h";
				SWIFT_OPTIMIZATION_LEVEL = "-Onone";
			};
			name = Debug;
		};
		2B8526F719F8CC89008FB162 /* Release */ = {
			isa = XCBuildConfiguration;
			baseConfigurationReference = 887DE0DA02E9994035CEF458 /* Pods.release.xcconfig */;
			buildSettings = {
				ASSETCATALOG_COMPILER_APPICON_NAME = AppIcon;
				CLANG_ENABLE_MODULES = YES;
				INFOPLIST_FILE = Fashun/Info.plist;
				LD_RUNPATH_SEARCH_PATHS = "$(inherited) @executable_path/Frameworks";
				PRODUCT_NAME = "$(TARGET_NAME)";
				SWIFT_OBJC_BRIDGING_HEADER = "Fashun/Fashun-Bridging-Header.h";
			};
			name = Release;
		};
		2B8526F919F8CC89008FB162 /* Debug */ = {
			isa = XCBuildConfiguration;
			buildSettings = {
				BUNDLE_LOADER = "$(TEST_HOST)";
				FRAMEWORK_SEARCH_PATHS = (
					"$(SDKROOT)/Developer/Library/Frameworks",
					"$(inherited)",
				);
				GCC_PREPROCESSOR_DEFINITIONS = (
					"DEBUG=1",
					"$(inherited)",
				);
				INFOPLIST_FILE = FashunTests/Info.plist;
				LD_RUNPATH_SEARCH_PATHS = "$(inherited) @executable_path/Frameworks @loader_path/Frameworks";
				PRODUCT_NAME = "$(TARGET_NAME)";
				TEST_HOST = "$(BUILT_PRODUCTS_DIR)/Fashun.app/Fashun";
			};
			name = Debug;
		};
		2B8526FA19F8CC89008FB162 /* Release */ = {
			isa = XCBuildConfiguration;
			buildSettings = {
				BUNDLE_LOADER = "$(TEST_HOST)";
				FRAMEWORK_SEARCH_PATHS = (
					"$(SDKROOT)/Developer/Library/Frameworks",
					"$(inherited)",
				);
				INFOPLIST_FILE = FashunTests/Info.plist;
				LD_RUNPATH_SEARCH_PATHS = "$(inherited) @executable_path/Frameworks @loader_path/Frameworks";
				PRODUCT_NAME = "$(TARGET_NAME)";
				TEST_HOST = "$(BUILT_PRODUCTS_DIR)/Fashun.app/Fashun";
			};
			name = Release;
		};
/* End XCBuildConfiguration section */

/* Begin XCConfigurationList section */
		2B8526D119F8CC89008FB162 /* Build configuration list for PBXProject "Fashun" */ = {
			isa = XCConfigurationList;
			buildConfigurations = (
				2B8526F319F8CC89008FB162 /* Debug */,
				2B8526F419F8CC89008FB162 /* Release */,
			);
			defaultConfigurationIsVisible = 0;
			defaultConfigurationName = Release;
		};
		2B8526F519F8CC89008FB162 /* Build configuration list for PBXNativeTarget "Fashun" */ = {
			isa = XCConfigurationList;
			buildConfigurations = (
				2B8526F619F8CC89008FB162 /* Debug */,
				2B8526F719F8CC89008FB162 /* Release */,
			);
			defaultConfigurationIsVisible = 0;
			defaultConfigurationName = Release;
		};
		2B8526F819F8CC89008FB162 /* Build configuration list for PBXNativeTarget "FashunTests" */ = {
			isa = XCConfigurationList;
			buildConfigurations = (
				2B8526F919F8CC89008FB162 /* Debug */,
				2B8526FA19F8CC89008FB162 /* Release */,
			);
			defaultConfigurationIsVisible = 0;
			defaultConfigurationName = Release;
		};
/* End XCConfigurationList section */
	};
	rootObject = 2B8526CE19F8CC89008FB162 /* Project object */;
}
